Microsoft Visual Studio Solution File, Format Version 11.00
# Visual Studio 2008

Project("{97E42671-B4C5-B6C0-6FBF-5CAE133325AA}") = "2D Racing", "Assembly-CSharp.csproj", "{432F2242-3B32-2420-59DE-0F91B059B651}"
EndProject
Global
	GlobalSection(SolutionConfigurationPlatforms) = preSolution
		Debug|Any CPU = Debug|Any CPU
		Release|Any CPU = Release|Any CPU
	EndGlobalSection
	GlobalSection(ProjectConfigurationPlatforms) = postSolution
		{432F2242-3B32-2420-59DE-0F91B059B651}.Debug|Any CPU.ActiveCfg = Debug|Any CPU
		{432F2242-3B32-2420-59DE-0F91B059B651}.Debug|Any CPU.Build.0 = Debug|Any CPU
		{432F2242-3B32-2420-59DE-0F91B059B651}.Release|Any CPU.ActiveCfg = Release|Any CPU
		{432F2242-3B32-2420-59DE-0F91B059B651}.Release|Any CPU.Build.0 = Release|Any CPU
	EndGlobalSection
	GlobalSection(SolutionProperties) = preSolution
		HideSolutionNode = FALSE
	EndGlobalSection
	GlobalSection(MonoDevelopProperties) = preSolution
		StartupItem = Assembly-CSharp.csproj
	EndGlobalSection
EndGlobal
